
Microsoft Visual Studio Solution File, Format Version 12.00
# Visual Studio Version 16
VisualStudioVersion = 16.0.29920.165
MinimumVisualStudioVersion = 10.0.40219.1
Project("{FAE04EC0-301F-11D3-BF4B-00C04F79EFBC}") = "algorytmy zjazd 4", "algorytmy zjazd 4\algorytmy zjazd 4.csproj", "{ACE330E7-AF09-46CB-A7B6-144DBE9601A8}"
EndProject
Global
	GlobalSection(SolutionConfigurationPlatforms) = preSolution
		Debug|Any CPU = Debug|Any CPU
		Release|Any CPU = Release|Any CPU
	EndGlobalSection
	GlobalSection(ProjectConfigurationPlatforms) = postSolution
		{ACE330E7-AF09-46CB-A7B6-144DBE9601A8}.Debug|Any CPU.ActiveCfg = Debug|Any CPU
		{ACE330E7-AF09-46CB-A7B6-144DBE9601A8}.Debug|Any CPU.Build.0 = Debug|Any CPU
		{ACE330E7-AF09-46CB-A7B6-144DBE9601A8}.Release|Any CPU.ActiveCfg = Release|Any CPU
		{ACE330E7-AF09-46CB-A7B6-144DBE9601A8}.Release|Any CPU.Build.0 = Release|Any CPU
	EndGlobalSection
	GlobalSection(SolutionProperties) = preSolution
		HideSolutionNode = FALSE
	EndGlobalSection
	GlobalSection(ExtensibilityGlobals) = postSolution
		SolutionGuid = {558B31B8-6BCA-476F-8785-8093958DBB5B}
	EndGlobalSection
EndGlobal
