
Microsoft Visual Studio Solution File, Format Version 12.00
# Visual Studio Version 16
VisualStudioVersion = 16.0.29409.12
MinimumVisualStudioVersion = 10.0.40219.1
Project("{FAE04EC0-301F-11D3-BF4B-00C04F79EFBC}") = "Kalkulator_test", "Kalkulator_test.csproj", "{C87B3D5B-D719-45E4-93CD-10C130150F7C}"
EndProject
Global
	GlobalSection(SolutionConfigurationPlatforms) = preSolution
		Debug|Any CPU = Debug|Any CPU
		Release|Any CPU = Release|Any CPU
	EndGlobalSection
	GlobalSection(ProjectConfigurationPlatforms) = postSolution
		{C87B3D5B-D719-45E4-93CD-10C130150F7C}.Debug|Any CPU.ActiveCfg = Debug|Any CPU
		{C87B3D5B-D719-45E4-93CD-10C130150F7C}.Debug|Any CPU.Build.0 = Debug|Any CPU
		{C87B3D5B-D719-45E4-93CD-10C130150F7C}.Release|Any CPU.ActiveCfg = Release|Any CPU
		{C87B3D5B-D719-45E4-93CD-10C130150F7C}.Release|Any CPU.Build.0 = Release|Any CPU
	EndGlobalSection
	GlobalSection(SolutionProperties) = preSolution
		HideSolutionNode = FALSE
	EndGlobalSection
	GlobalSection(ExtensibilityGlobals) = postSolution
		SolutionGuid = {4F161D2C-A079-4FDA-8881-3B62B0302CCC}
	EndGlobalSection
EndGlobal
