
Microsoft Visual Studio Solution File, Format Version 12.00
# Visual Studio Version 16
VisualStudioVersion = 16.0.29409.12
MinimumVisualStudioVersion = 10.0.40219.1
Project("{FAE04EC0-301F-11D3-BF4B-00C04F79EFBC}") = "Algorytmy z tablicami", "Algorytmy z tablicami.csproj", "{03F6043F-AD34-4642-88EE-C73349641FF2}"
EndProject
Global
	GlobalSection(SolutionConfigurationPlatforms) = preSolution
		Debug|Any CPU = Debug|Any CPU
		Release|Any CPU = Release|Any CPU
	EndGlobalSection
	GlobalSection(ProjectConfigurationPlatforms) = postSolution
		{03F6043F-AD34-4642-88EE-C73349641FF2}.Debug|Any CPU.ActiveCfg = Debug|Any CPU
		{03F6043F-AD34-4642-88EE-C73349641FF2}.Debug|Any CPU.Build.0 = Debug|Any CPU
		{03F6043F-AD34-4642-88EE-C73349641FF2}.Release|Any CPU.ActiveCfg = Release|Any CPU
		{03F6043F-AD34-4642-88EE-C73349641FF2}.Release|Any CPU.Build.0 = Release|Any CPU
	EndGlobalSection
	GlobalSection(SolutionProperties) = preSolution
		HideSolutionNode = FALSE
	EndGlobalSection
	GlobalSection(ExtensibilityGlobals) = postSolution
		SolutionGuid = {DC375A12-49C7-4050-BF35-0FDF39395D06}
	EndGlobalSection
EndGlobal
