
Microsoft Visual Studio Solution File, Format Version 12.00
# Visual Studio Version 16
VisualStudioVersion = 16.0.29920.165
MinimumVisualStudioVersion = 10.0.40219.1
Project("{FAE04EC0-301F-11D3-BF4B-00C04F79EFBC}") = "FindMaximumSort", "FindMaximumSort\FindMaximumSort.csproj", "{4A5A8362-4430-4027-84A6-5E77AAA9DD55}"
EndProject
Project("{FAE04EC0-301F-11D3-BF4B-00C04F79EFBC}") = "BubbleSort", "BubbleSort\BubbleSort.csproj", "{FE54AFD3-59AC-444D-BC91-65791134372F}"
EndProject
Project("{FAE04EC0-301F-11D3-BF4B-00C04F79EFBC}") = "FindMinimumSort", "FindMinimumSort\FindMinimumSort.csproj", "{ED7A36AD-B63C-44F7-AFA0-329CC5217A8B}"
EndProject
Project("{FAE04EC0-301F-11D3-BF4B-00C04F79EFBC}") = "ShellSort", "ShellSort\ShellSort.csproj", "{4264E587-35B6-4DC4-90A7-63FA3651FF18}"
EndProject
Global
	GlobalSection(SolutionConfigurationPlatforms) = preSolution
		Debug|Any CPU = Debug|Any CPU
		Release|Any CPU = Release|Any CPU
	EndGlobalSection
	GlobalSection(ProjectConfigurationPlatforms) = postSolution
		{4A5A8362-4430-4027-84A6-5E77AAA9DD55}.Debug|Any CPU.ActiveCfg = Debug|Any CPU
		{4A5A8362-4430-4027-84A6-5E77AAA9DD55}.Debug|Any CPU.Build.0 = Debug|Any CPU
		{4A5A8362-4430-4027-84A6-5E77AAA9DD55}.Release|Any CPU.ActiveCfg = Release|Any CPU
		{4A5A8362-4430-4027-84A6-5E77AAA9DD55}.Release|Any CPU.Build.0 = Release|Any CPU
		{FE54AFD3-59AC-444D-BC91-65791134372F}.Debug|Any CPU.ActiveCfg = Debug|Any CPU
		{FE54AFD3-59AC-444D-BC91-65791134372F}.Debug|Any CPU.Build.0 = Debug|Any CPU
		{FE54AFD3-59AC-444D-BC91-65791134372F}.Release|Any CPU.ActiveCfg = Release|Any CPU
		{FE54AFD3-59AC-444D-BC91-65791134372F}.Release|Any CPU.Build.0 = Release|Any CPU
		{ED7A36AD-B63C-44F7-AFA0-329CC5217A8B}.Debug|Any CPU.ActiveCfg = Debug|Any CPU
		{ED7A36AD-B63C-44F7-AFA0-329CC5217A8B}.Debug|Any CPU.Build.0 = Debug|Any CPU
		{ED7A36AD-B63C-44F7-AFA0-329CC5217A8B}.Release|Any CPU.ActiveCfg = Release|Any CPU
		{ED7A36AD-B63C-44F7-AFA0-329CC5217A8B}.Release|Any CPU.Build.0 = Release|Any CPU
		{4264E587-35B6-4DC4-90A7-63FA3651FF18}.Debug|Any CPU.ActiveCfg = Debug|Any CPU
		{4264E587-35B6-4DC4-90A7-63FA3651FF18}.Debug|Any CPU.Build.0 = Debug|Any CPU
		{4264E587-35B6-4DC4-90A7-63FA3651FF18}.Release|Any CPU.ActiveCfg = Release|Any CPU
		{4264E587-35B6-4DC4-90A7-63FA3651FF18}.Release|Any CPU.Build.0 = Release|Any CPU
	EndGlobalSection
	GlobalSection(SolutionProperties) = preSolution
		HideSolutionNode = FALSE
	EndGlobalSection
	GlobalSection(ExtensibilityGlobals) = postSolution
		SolutionGuid = {935F16B1-1673-4906-B3B7-35A223EFC7B0}
	EndGlobalSection
EndGlobal
